
Microsoft Visual Studio Solution File, Format Version 12.00
# Visual Studio Version 17
VisualStudioVersion = 17.10.34928.147
MinimumVisualStudioVersion = 10.0.40219.1
Project("{FAE04EC0-301F-11D3-BF4B-00C04F79EFBC}") = "Projekt", "Projekt.csproj", "{3FB01E05-E61B-4612-A497-54F4706BDB86}"
EndProject
Global
	GlobalSection(SolutionConfigurationPlatforms) = preSolution
		Debug|Any CPU = Debug|Any CPU
		Release|Any CPU = Release|Any CPU
	EndGlobalSection
	GlobalSection(ProjectConfigurationPlatforms) = postSolution
		{3FB01E05-E61B-4612-A497-54F4706BDB86}.Debug|Any CPU.ActiveCfg = Debug|Any CPU
		{3FB01E05-E61B-4612-A497-54F4706BDB86}.Debug|Any CPU.Build.0 = Debug|Any CPU
		{3FB01E05-E61B-4612-A497-54F4706BDB86}.Release|Any CPU.ActiveCfg = Release|Any CPU
		{3FB01E05-E61B-4612-A497-54F4706BDB86}.Release|Any CPU.Build.0 = Release|Any CPU
	EndGlobalSection
	GlobalSection(SolutionProperties) = preSolution
		HideSolutionNode = FALSE
	EndGlobalSection
	GlobalSection(ExtensibilityGlobals) = postSolution
		SolutionGuid = {9F9C6477-2582-4F5B-B98F-1CCA6BBB05FF}
	EndGlobalSection
EndGlobal
